Microsoft Visual Studio Solution File, Format Version 12.00
# Visual Studio Version 17
VisualStudioVersion = 17.5.2.0
MinimumVisualStudioVersion = 10.0.40219.1
Project("{FAE04EC0-301F-11D3-BF4B-00C04F79EFBC}") = "PvZ Fusion Translator [BepInEx]", "PvZ Fusion Translator [BepInEx].csproj", "{8D977CD2-2102-938B-3CD9-733A0983A210}"
EndProject
Global
	GlobalSection(SolutionConfigurationPlatforms) = preSolution
		Debug|Any CPU = Debug|Any CPU
		Release|Any CPU = Release|Any CPU
	EndGlobalSection
	GlobalSection(ProjectConfigurationPlatforms) = postSolution
		{8D977CD2-2102-938B-3CD9-733A0983A210}.Debug|Any CPU.ActiveCfg = Debug|Any CPU
		{8D977CD2-2102-938B-3CD9-733A0983A210}.Debug|Any CPU.Build.0 = Debug|Any CPU
		{8D977CD2-2102-938B-3CD9-733A0983A210}.Release|Any CPU.ActiveCfg = Release|Any CPU
		{8D977CD2-2102-938B-3CD9-733A0983A210}.Release|Any CPU.Build.0 = Release|Any CPU
	EndGlobalSection
	GlobalSection(SolutionProperties) = preSolution
		HideSolutionNode = FALSE
	EndGlobalSection
	GlobalSection(ExtensibilityGlobals) = postSolution
		SolutionGuid = {EC193E2A-C365-443F-B9C6-2B83DC80BB43}
	EndGlobalSection
EndGlobal
